{
  "requires": true,
  "lockfileVersion": 1,
  "dependencies": {
    "angular": {
      "version": "1.7.8",
      "resolved": "https://registry.npmjs.org/angular/-/angular-1.7.8.tgz",
      "integrity": "sha512-wtef/y4COxM7ZVhddd7JtAAhyYObq9YXKar9tsW7558BImeVYteJiTxCKeJOL45lJ/+7B4wrAC49j8gTFYEthg=="
    },
    "angular-animate": {
      "version": "1.7.8",
      "resolved": "https://registry.npmjs.org/angular-animate/-/angular-animate-1.7.8.tgz",
      "integrity": "sha512-bINtzizq7TbJzfVrDpwLfTxVl0Qd7fRNWFb5jKYI1vaFZobQNX/QONXlLow6ySsDbZ6eLECycB7mvWtfh1YYaw=="
    },
    "angular-input-masks": {
      "version": "4.3.0",
      "resolved": "https://registry.npmjs.org/angular-input-masks/-/angular-input-masks-4.3.0.tgz",
      "integrity": "sha512-3zCneCMC9+E5EgFrMBMg63TA9zAXzKsQ8blwjbYeJBxCO6tSDdeCJKn263rXSCeuusSuSE2ek4385Sp1ZUiZ4g==",
      "requires": {
        "br-validations": "^0.3.1",
        "date-fns": "2.0.0-alpha.7",
        "string-mask": "^0.3.0"
      }
    },
    "angular-materialize": {
      "version": "0.2.2",
      "resolved": "https://registry.npmjs.org/angular-materialize/-/angular-materialize-0.2.2.tgz",
      "integrity": "sha1-EzBM4A6YPgLSTKxNg14fS5yxDNM=",
      "requires": {
        "node-materialize": "https://github.com/ryepdx/node-materialize/tarball/master"
      }
    },
    "angular-messages": {
      "version": "1.7.8",
      "resolved": "https://registry.npmjs.org/angular-messages/-/angular-messages-1.7.8.tgz",
      "integrity": "sha512-e7Oq4ugdTcAp4kLP9TNOh6mfSsYO2Uwf7NavLuNWqahDGRHYXilo2gcI/vxmFjPBOwAmreXrhYlpGLlJdzxfQg=="
    },
    "angular-resource": {
      "version": "1.7.8",
      "resolved": "https://registry.npmjs.org/angular-resource/-/angular-resource-1.7.8.tgz",
      "integrity": "sha512-zuPQ0ZX9Q8WnZ0KMtJlKYUSIXWRQSbFzMkRV9zG8cYYSsMAZlXar5Hqmd5gzxC3O28AGM7BCEJ+iYs3UNL4qdA=="
    },
    "angular-route": {
      "version": "1.7.8",
      "resolved": "https://registry.npmjs.org/angular-route/-/angular-route-1.7.8.tgz",
      "integrity": "sha512-VVk89PH0fsY5kfbx+N7IVX1IwnaPWYhMGY0uA+rjej2v1sjvrTx1SLkxUK4E0UpW1hXeLJhN7ncBcwoBiPtAtA=="
    },
    "angular-toastr": {
      "version": "2.1.1",
      "resolved": "https://registry.npmjs.org/angular-toastr/-/angular-toastr-2.1.1.tgz",
      "integrity": "sha1-n4NQykghRaRNARp1W4+zYj1gVEw="
    },
    "angular-touch": {
      "version": "1.7.8",
      "resolved": "https://registry.npmjs.org/angular-touch/-/angular-touch-1.7.8.tgz",
      "integrity": "sha512-YCpirIDueMIRJfSZg0glzqTfr3HyGx0/DeZorN3TkFelYj0YwxvwldQm2NcqpQR3SNfEj7ZbkcrXl1ekTILQOw=="
    },
    "angular-ui-grid": {
      "version": "4.7.1",
      "resolved": "https://registry.npmjs.org/angular-ui-grid/-/angular-ui-grid-4.7.1.tgz",
      "integrity": "sha512-lAKn6xhniVyriuEZP3zFRkIBiNho6MC0pQ9fqvT2CmS6oR2GmhCUgdzICqiM9AvwrA8HgHj3btz2yeG2ou+Nkg==",
      "requires": {
        "angular": ">=1.4.0 1.7.x"
      }
    },
    "angular-ui-mask": {
      "version": "1.8.7",
      "resolved": "https://registry.npmjs.org/angular-ui-mask/-/angular-ui-mask-1.8.7.tgz",
      "integrity": "sha1-KTWugjRa3tYOe4yZfzkC37jtRls="
    },
    "angular-ui-utils": {
      "version": "0.1.1",
      "resolved": "https://registry.npmjs.org/angular-ui-utils/-/angular-ui-utils-0.1.1.tgz",
      "integrity": "sha1-/4tcSrsq6+sI7gXQmnjEz7+2UAk="
    },
    "animate": {
      "version": "1.0.0",
      "resolved": "https://registry.npmjs.org/animate/-/animate-1.0.0.tgz",
      "integrity": "sha1-Rh+Hr+pLyF257s/euu5E1beKGGw=",
      "requires": {
        "rafl": "~1.2.2"
      }
    },
    "autosize": {
      "version": "4.0.2",
      "resolved": "https://registry.npmjs.org/autosize/-/autosize-4.0.2.tgz",
      "integrity": "sha512-jnSyH2d+qdfPGpWlcuhGiHmqBJ6g3X+8T+iRwFrHPLVcdoGJE/x6Qicm6aDHfTsbgZKxyV8UU/YB2p4cjKDRRA=="
    },
    "axios": {
      "version": "0.15.3",
      "resolved": "https://registry.npmjs.org/axios/-/axios-0.15.3.tgz",
      "integrity": "sha1-LJ1jiy4ZGgjqHWzJiOrda6W9wFM=",
      "requires": {
        "follow-redirects": "1.0.0"
      }
    },
    "axlsign": {
      "version": "git+https://github.com/gagarin55/curve25519-js.git#cae68782564b83ffa1c7c757e40a3944cb140290",
      "from": "git+https://github.com/gagarin55/curve25519-js.git"
    },
    "base-x": {
      "version": "2.0.6",
      "resolved": "https://registry.npmjs.org/base-x/-/base-x-2.0.6.tgz",
      "integrity": "sha1-RYKpHrzsme4G9OQDIDCwzxwpQdg=",
      "requires": {
        "safe-buffer": "^5.0.1"
      }
    },
    "blakejs": {
      "version": "1.1.0",
      "resolved": "https://registry.npmjs.org/blakejs/-/blakejs-1.1.0.tgz",
      "integrity": "sha1-ad+S75U6qIylGjLfarHFShVfx6U="
    },
    "bootstrap": {
      "version": "4.3.1",
      "resolved": "https://registry.npmjs.org/bootstrap/-/bootstrap-4.3.1.tgz",
      "integrity": "sha512-rXqOmH1VilAt2DyPzluTi2blhk17bO7ef+zLLPlWvG494pDxcM234pJ8wTc/6R40UWizAIIMgxjvxZg5kmsbag=="
    },
    "bootstrap-colorpicker": {
      "version": "3.1.1",
      "resolved": "https://registry.npmjs.org/bootstrap-colorpicker/-/bootstrap-colorpicker-3.1.1.tgz",
      "integrity": "sha512-LgHvdXVzJ6O/Jbc/ngc33aX+CAnJ5WAx06L+psP2cYuwXSy0wHsGFrHrYYq+lJKScYRV9kIGAyqDkkeb5NZzhQ==",
      "requires": {
        "bootstrap": "^4.0",
        "jquery": ">=2.1.0"
      }
    },
    "bootstrap-select": {
      "version": "1.13.10",
      "resolved": "https://registry.npmjs.org/bootstrap-select/-/bootstrap-select-1.13.10.tgz",
      "integrity": "sha512-mwfyd+VWHY8wDN4je4Y8PPEaOAzDPUz95z5F5zxzlIqebqxtbrujclFWLrhkVOyETpsgZCL1rsfyEnHpAugtGg=="
    },
    "br-validations": {
      "version": "0.3.1",
      "resolved": "https://registry.npmjs.org/br-validations/-/br-validations-0.3.1.tgz",
      "integrity": "sha1-TkWk4HStruorfgiLwON63pt2Nk0="
    },
    "date-fns": {
      "version": "2.0.0-alpha.7",
      "resolved": "https://registry.npmjs.org/date-fns/-/date-fns-2.0.0-alpha.7.tgz",
      "integrity": "sha1-JFrRb5V2Tqur+ywKQf1dAzwg5Xo="
    },
    "debug": {
      "version": "2.6.9",
      "resolved": "https://registry.npmjs.org/debug/-/debug-2.6.9.tgz",
      "integrity": "sha512-bC7ElrdJaJnPbAP+1EotYvqZsb3ecl5wi6Bfi6BJTUcNowp6cvspg0jXznRTKDjm/E7AdgFBVeAPVMNcKGsHMA==",
      "requires": {
        "ms": "2.0.0"
      }
    },
    "dom-walk": {
      "version": "0.1.1",
      "resolved": "https://registry.npmjs.org/dom-walk/-/dom-walk-0.1.1.tgz",
      "integrity": "sha1-ZyIm3HTI95mtNTB9+TaroRrNYBg="
    },
    "eve-raphael": {
      "version": "0.5.0",
      "resolved": "https://registry.npmjs.org/eve-raphael/-/eve-raphael-0.5.0.tgz",
      "integrity": "sha1-F8dUt5K+7z+maE15z1pHxjxM2jA="
    },
    "fast-sha256": {
      "version": "1.1.0",
      "resolved": "https://registry.npmjs.org/fast-sha256/-/fast-sha256-1.1.0.tgz",
      "integrity": "sha1-tkAYlAPH/w15bRJRocH2lUxA57Q="
    },
    "follow-redirects": {
      "version": "1.0.0",
      "resolved": "https://registry.npmjs.org/follow-redirects/-/follow-redirects-1.0.0.tgz",
      "integrity": "sha1-jjQpjL0uF28lTv/sdaHHjMhJ/Tc=",
      "requires": {
        "debug": "^2.2.0"
      }
    },
    "global": {
      "version": "4.3.2",
      "resolved": "https://registry.npmjs.org/global/-/global-4.3.2.tgz",
      "integrity": "sha1-52mJJopsdMOJCLEwWxD8DjlOnQ8=",
      "requires": {
        "min-document": "^2.19.0",
        "process": "~0.5.1"
      }
    },
    "hammerjs": {
      "version": "2.0.8",
      "resolved": "https://registry.npmjs.org/hammerjs/-/hammerjs-2.0.8.tgz",
      "integrity": "sha1-BO93hiz/K7edMPdpIJWTAiK/YPE="
    },
    "jquery": {
      "version": "3.4.0",
      "resolved": "https://registry.npmjs.org/jquery/-/jquery-3.4.0.tgz",
      "integrity": "sha512-ggRCXln9zEqv6OqAGXFEcshF5dSBvCkzj6Gm2gzuR5fWawaX8t7cxKVkkygKODrDAzKdoYw3l/e3pm3vlT4IbQ=="
    },
    "jquery-ui": {
      "version": "1.12.1",
      "resolved": "https://registry.npmjs.org/jquery-ui/-/jquery-ui-1.12.1.tgz",
      "integrity": "sha1-vLQEXI3QU5wTS8FIjN0+dop6nlE="
    },
    "js-sha3": {
      "version": "0.5.7",
      "resolved": "https://registry.npmjs.org/js-sha3/-/js-sha3-0.5.7.tgz",
      "integrity": "sha1-DU/9gALVMzqrr0oj7tL2N0yfKOc="
    },
    "materialize": {
      "version": "1.0.0",
      "resolved": "https://registry.npmjs.org/materialize/-/materialize-1.0.0.tgz",
      "integrity": "sha1-PpHIqMJUdacyTgYro0uvccSjNKo="
    },
    "min-document": {
      "version": "2.19.0",
      "resolved": "https://registry.npmjs.org/min-document/-/min-document-2.19.0.tgz",
      "integrity": "sha1-e9KC4/WELtKVu3SM3Z8f+iyCRoU=",
      "requires": {
        "dom-walk": "^0.1.0"
      }
    },
    "ms": {
      "version": "2.0.0",
      "resolved": "https://registry.npmjs.org/ms/-/ms-2.0.0.tgz",
      "integrity": "sha1-VgiurfwAvmwpAd9fmGF4jeDVl8g="
    },
    "node-materialize": {
      "version": "https://github.com/ryepdx/node-materialize/tarball/master",
      "integrity": "sha512-fgVilvcEcBtfaT1iOJIOq6jedmXGfA+PDLsdtFkDm3l2TGrmt2LSxnrL3eUjSC3VLsC84cXjpSntSVdne9aLsg==",
      "requires": {
        "hammerjs": "^2.0.4",
        "jquery": "^2.1.4",
        "pickadate": "^3.5.6"
      },
      "dependencies": {
        "jquery": {
          "version": "2.2.4",
          "resolved": "https://registry.npmjs.org/jquery/-/jquery-2.2.4.tgz",
          "integrity": "sha1-LInWiJterFIqfuoywUUhVZxsvwI="
        }
      }
    },
    "pickadate": {
      "version": "3.6.3",
      "resolved": "https://registry.npmjs.org/pickadate/-/pickadate-3.6.3.tgz",
      "integrity": "sha512-UbYH4HptW6Mv4SHr/RaQLaHaawFU1HZD3jtS+uted+0bdUGzV5qUakUAZi+r5NTbnplJBqpOEg2MBg9IKcWPuQ==",
      "requires": {
        "jquery": ">=1.7"
      }
    },
    "process": {
      "version": "0.5.2",
      "resolved": "https://registry.npmjs.org/process/-/process-0.5.2.tgz",
      "integrity": "sha1-FjjYqONML0QKkduVq5rrZ3/Bhc8="
    },
    "rafl": {
      "version": "1.2.2",
      "resolved": "https://registry.npmjs.org/rafl/-/rafl-1.2.2.tgz",
      "integrity": "sha1-/pMPdYIRAg1H44gV9Rlqi+QVB0A=",
      "requires": {
        "global": "~4.3.0"
      }
    },
    "raphael": {
      "version": "2.2.8",
      "resolved": "https://registry.npmjs.org/raphael/-/raphael-2.2.8.tgz",
      "integrity": "sha512-0kWKcGn4lXTw4eUiOhjspYiG+v0m6zSmTmlO62E0hl2CYKUvCuHER9YKqXYvOn2nj24mYp8jzHOLeBuj/Gn28Q==",
      "requires": {
        "eve-raphael": "0.5.0"
      }
    },
    "safe-buffer": {
      "version": "5.1.2",
      "resolved": "https://registry.npmjs.org/safe-buffer/-/safe-buffer-5.1.2.tgz",
      "integrity": "sha512-Gd2UZBJDkXlY7GbJxfsE8/nvKkUEU1G38c1siN6QP6a9PT9MmHB8GnpscSmMJSoF8LOIrt8ud/wPtojys4G6+g=="
    },
    "string-mask": {
      "version": "0.3.0",
      "resolved": "https://registry.npmjs.org/string-mask/-/string-mask-0.3.0.tgz",
      "integrity": "sha1-nnJEuHuy9vlkfirJj5b6GlfCEZg="
    },
    "text-encoding": {
      "version": "0.6.4",
      "resolved": "https://registry.npmjs.org/text-encoding/-/text-encoding-0.6.4.tgz",
      "integrity": "sha1-45mpgiV6J22uQou5KEXLcb3CbRk="
    },
    "tslib": {
      "version": "1.9.3",
      "resolved": "https://registry.npmjs.org/tslib/-/tslib-1.9.3.tgz",
      "integrity": "sha512-4krF8scpejhaOgqzBEcGM7yDIEfi0/8+8zDRZhNZZ2kjmHJ4hv3zCbQWxoJGz1iw5U0Jl0nma13xzHXcncMavQ=="
    },
    "ui-grid": {
      "version": "0.0.0",
      "resolved": "https://registry.npmjs.org/ui-grid/-/ui-grid-0.0.0.tgz",
      "integrity": "sha1-A0bAvnLpz2MziU2uw3sp1vPBTuI="
    },
    "waves.js": {
      "version": "0.0.7-13",
      "resolved": "https://registry.npmjs.org/waves.js/-/waves.js-0.0.7-13.tgz",
      "integrity": "sha1-3MjJExF1ttM/u1eIn3LCXlGmaek=",
      "requires": {
        "axios": "^0.15.3",
        "axlsign": "git+https://github.com/gagarin55/curve25519-js.git#cae68782564b83ffa1c7c757e40a3944cb140290",
        "base-x": "^2.0.4",
        "blakejs": "^1.0.1",
        "fast-sha256": "^1.0.0",
        "js-sha3": "^0.5.7",
        "text-encoding": "^0.6.4"
      }
    }
  }
}
